
Microsoft Visual Studio Solution File, Format Version 12.00
# Visual Studio 15
VisualStudioVersion = 15.0.28307.136
MinimumVisualStudioVersion = 10.0.40219.1
Project("{FAE04EC0-301F-11D3-BF4B-00C04F79EFBC}") = "MicroMVVN.Android", "MicroMVVN\MicroMVVN.Android\MicroMVVN.Android.csproj", "{F1CC7E52-439A-43D0-8BE9-1D11839A67FC}"
EndProject
Project("{FAE04EC0-301F-11D3-BF4B-00C04F79EFBC}") = "MicroMVVN.iOS", "MicroMVVN\MicroMVVN.iOS\MicroMVVN.iOS.csproj", "{4802CAE2-959A-40A4-AEA4-7CDAB7148E35}"
EndProject
Project("{FAE04EC0-301F-11D3-BF4B-00C04F79EFBC}") = "MicroMVVN.UWP", "MicroMVVN\MicroMVVN.UWP\MicroMVVN.UWP.csproj", "{DD0C50C0-32AF-4745-9D69-0372EA6C4DCD}"
EndProject
Project("{9A19103F-16F7-4668-BE54-9A1E7A4F7556}") = "MicroMVVN", "MicroMVVN\MicroMVVN\MicroMVVN.csproj", "{575469F2-0E8E-4203-B3AA-A8F6944FC81A}"
EndProject
Global
	GlobalSection(SolutionConfigurationPlatforms) = preSolution
		Ad-Hoc|Any CPU = Ad-Hoc|Any CPU
		Ad-Hoc|ARM = Ad-Hoc|ARM
		Ad-Hoc|iPhone = Ad-Hoc|iPhone
		Ad-Hoc|iPhoneSimulator = Ad-Hoc|iPhoneSimulator
		Ad-Hoc|x64 = Ad-Hoc|x64
		Ad-Hoc|x86 = Ad-Hoc|x86
		AppStore|Any CPU = AppStore|Any CPU
		AppStore|ARM = AppStore|ARM
		AppStore|iPhone = AppStore|iPhone
		AppStore|iPhoneSimulator = AppStore|iPhoneSimulator
		AppStore|x64 = AppStore|x64
		AppStore|x86 = AppStore|x86
		Debug|Any CPU = Debug|Any CPU
		Debug|ARM = Debug|ARM
		Debug|iPhone = Debug|iPhone
		Debug|iPhoneSimulator = Debug|iPhoneSimulator
		Debug|x64 = Debug|x64
		Debug|x86 = Debug|x86
		Release|Any CPU = Release|Any CPU
		Release|ARM = Release|ARM
		Release|iPhone = Release|iPhone
		Release|iPhoneSimulator = Release|iPhoneSimulator
		Release|x64 = Release|x64
		Release|x86 = Release|x86
	EndGlobalSection
	GlobalSection(ProjectConfigurationPlatforms) = postSolution
		{F1CC7E52-439A-43D0-8BE9-1D11839A67FC}.Ad-Hoc|Any CPU.ActiveCfg = Release|Any CPU
		{F1CC7E52-439A-43D0-8BE9-1D11839A67FC}.Ad-Hoc|Any CPU.Build.0 = Release|Any CPU
		{F1CC7E52-439A-43D0-8BE9-1D11839A67FC}.Ad-Hoc|Any CPU.Deploy.0 = Release|Any CPU
		{F1CC7E52-439A-43D0-8BE9-1D11839A67FC}.Ad-Hoc|ARM.ActiveCfg = Release|Any CPU
		{F1CC7E52-439A-43D0-8BE9-1D11839A67FC}.Ad-Hoc|ARM.Build.0 = Release|Any CPU
		{F1CC7E52-439A-43D0-8BE9-1D11839A67FC}.Ad-Hoc|ARM.Deploy.0 = Release|Any CPU
		{F1CC7E52-439A-43D0-8BE9-1D11839A67FC}.Ad-Hoc|iPhone.ActiveCfg = Release|Any CPU
		{F1CC7E52-439A-43D0-8BE9-1D11839A67FC}.Ad-Hoc|iPhone.Build.0 = Release|Any CPU
		{F1CC7E52-439A-43D0-8BE9-1D11839A67FC}.Ad-Hoc|iPhone.Deploy.0 = Release|Any CPU
		{F1CC7E52-439A-43D0-8BE9-1D11839A67FC}.Ad-Hoc|iPhoneSimulator.ActiveCfg = Release|Any CPU
		{F1CC7E52-439A-43D0-8BE9-1D11839A67FC}.Ad-Hoc|iPhoneSimulator.Build.0 = Release|Any CPU
		{F1CC7E52-439A-43D0-8BE9-1D11839A67FC}.Ad-Hoc|iPhoneSimulator.Deploy.0 = Release|Any CPU
		{F1CC7E52-439A-43D0-8BE9-1D11839A67FC}.Ad-Hoc|x64.ActiveCfg = Release|Any CPU
		{F1CC7E52-439A-43D0-8BE9-1D11839A67FC}.Ad-Hoc|x64.Build.0 = Release|Any CPU
		{F1CC7E52-439A-43D0-8BE9-1D11839A67FC}.Ad-Hoc|x64.Deploy.0 = Release|Any CPU
		{F1CC7E52-439A-43D0-8BE9-1D11839A67FC}.Ad-Hoc|x86.ActiveCfg = Release|Any CPU
		{F1CC7E52-439A-43D0-8BE9-1D11839A67FC}.Ad-Hoc|x86.Build.0 = Release|Any CPU
		{F1CC7E52-439A-43D0-8BE9-1D11839A67FC}.Ad-Hoc|x86.Deploy.0 = Release|Any CPU
		{F1CC7E52-439A-43D0-8BE9-1D11839A67FC}.AppStore|Any CPU.ActiveCfg = Release|Any CPU
		{F1CC7E52-439A-43D0-8BE9-1D11839A67FC}.AppStore|Any CPU.Build.0 = Release|Any CPU
		{F1CC7E52-439A-43D0-8BE9-1D11839A67FC}.AppStore|Any CPU.Deploy.0 = Release|Any CPU
		{F1CC7E52-439A-43D0-8BE9-1D11839A67FC}.AppStore|ARM.ActiveCfg = Release|Any CPU
		{F1CC7E52-439A-43D0-8BE9-1D11839A67FC}.AppStore|ARM.Build.0 = Release|Any CPU
		{F1CC7E52-439A-43D0-8BE9-1D11839A67FC}.AppStore|ARM.Deploy.0 = Release|Any CPU
		{F1CC7E52-439A-43D0-8BE9-1D11839A67FC}.AppStore|iPhone.ActiveCfg = Release|Any CPU
		{F1CC7E52-439A-43D0-8BE9-1D11839A67FC}.AppStore|iPhone.Build.0 = Release|Any CPU
		{F1CC7E52-439A-43D0-8BE9-1D11839A67FC}.AppStore|iPhone.Deploy.0 = Release|Any CPU
		{F1CC7E52-439A-43D0-8BE9-1D11839A67FC}.AppStore|iPhoneSimulator.ActiveCfg = Release|Any CPU
		{F1CC7E52-439A-43D0-8BE9-1D11839A67FC}.AppStore|iPhoneSimulator.Build.0 = Release|Any CPU
		{F1CC7E52-439A-43D0-8BE9-1D11839A67FC}.AppStore|iPhoneSimulator.Deploy.0 = Release|Any CPU
		{F1CC7E52-439A-43D0-8BE9-1D11839A67FC}.AppStore|x64.ActiveCfg = Release|Any CPU
		{F1CC7E52-439A-43D0-8BE9-1D11839A67FC}.AppStore|x64.Build.0 = Release|Any CPU
		{F1CC7E52-439A-43D0-8BE9-1D11839A67FC}.AppStore|x64.Deploy.0 = Release|Any CPU
		{F1CC7E52-439A-43D0-8BE9-1D11839A67FC}.AppStore|x86.ActiveCfg = Release|Any CPU
		{F1CC7E52-439A-43D0-8BE9-1D11839A67FC}.AppStore|x86.Build.0 = Release|Any CPU
		{F1CC7E52-439A-43D0-8BE9-1D11839A67FC}.AppStore|x86.Deploy.0 = Release|Any CPU
		{F1CC7E52-439A-43D0-8BE9-1D11839A67FC}.Debug|Any CPU.ActiveCfg = Debug|Any CPU
		{F1CC7E52-439A-43D0-8BE9-1D11839A67FC}.Debug|Any CPU.Build.0 = Debug|Any CPU
		{F1CC7E52-439A-43D0-8BE9-1D11839A67FC}.Debug|Any CPU.Deploy.0 = Debug|Any CPU
		{F1CC7E52-439A-43D0-8BE9-1D11839A67FC}.Debug|ARM.ActiveCfg = Debug|Any CPU
		{F1CC7E52-439A-43D0-8BE9-1D11839A67FC}.Debug|ARM.Build.0 = Debug|Any CPU
		{F1CC7E52-439A-43D0-8BE9-1D11839A67FC}.Debug|ARM.Deploy.0 = Debug|Any CPU
		{F1CC7E52-439A-43D0-8BE9-1D11839A67FC}.Debug|iPhone.ActiveCfg = Debug|Any CPU
		{F1CC7E52-439A-43D0-8BE9-1D11839A67FC}.Debug|iPhone.Build.0 = Debug|Any CPU
		{F1CC7E52-439A-43D0-8BE9-1D11839A67FC}.Debug|iPhone.Deploy.0 = Debug|Any CPU
		{F1CC7E52-439A-43D0-8BE9-1D11839A67FC}.Debug|iPhoneSimulator.ActiveCfg = Debug|Any CPU
		{F1CC7E52-439A-43D0-8BE9-1D11839A67FC}.Debug|iPhoneSimulator.Build.0 = Debug|Any CPU
		{F1CC7E52-439A-43D0-8BE9-1D11839A67FC}.Debug|iPhoneSimulator.Deploy.0 = Debug|Any CPU
		{F1CC7E52-439A-43D0-8BE9-1D11839A67FC}.Debug|x64.ActiveCfg = Debug|Any CPU
		{F1CC7E52-439A-43D0-8BE9-1D11839A67FC}.Debug|x64.Build.0 = Debug|Any CPU
		{F1CC7E52-439A-43D0-8BE9-1D11839A67FC}.Debug|x64.Deploy.0 = Debug|Any CPU
		{F1CC7E52-439A-43D0-8BE9-1D11839A67FC}.Debug|x86.ActiveCfg = Debug|Any CPU
		{F1CC7E52-439A-43D0-8BE9-1D11839A67FC}.Debug|x86.Build.0 = Debug|Any CPU
		{F1CC7E52-439A-43D0-8BE9-1D11839A67FC}.Debug|x86.Deploy.0 = Debug|Any CPU
		{F1CC7E52-439A-43D0-8BE9-1D11839A67FC}.Release|Any CPU.ActiveCfg = Release|Any CPU
		{F1CC7E52-439A-43D0-8BE9-1D11839A67FC}.Release|Any CPU.Build.0 = Release|Any CPU
		{F1CC7E52-439A-43D0-8BE9-1D11839A67FC}.Release|Any CPU.Deploy.0 = Release|Any CPU
		{F1CC7E52-439A-43D0-8BE9-1D11839A67FC}.Release|ARM.ActiveCfg = Release|Any CPU
		{F1CC7E52-439A-43D0-8BE9-1D11839A67FC}.Release|ARM.Build.0 = Release|Any CPU
		{F1CC7E52-439A-43D0-8BE9-1D11839A67FC}.Release|ARM.Deploy.0 = Release|Any CPU
		{F1CC7E52-439A-43D0-8BE9-1D11839A67FC}.Release|iPhone.ActiveCfg = Release|Any CPU
		{F1CC7E52-439A-43D0-8BE9-1D11839A67FC}.Release|iPhone.Build.0 = Release|Any CPU
		{F1CC7E52-439A-43D0-8BE9-1D11839A67FC}.Release|iPhone.Deploy.0 = Release|Any CPU
		{F1CC7E52-439A-43D0-8BE9-1D11839A67FC}.Release|iPhoneSimulator.ActiveCfg = Release|Any CPU
		{F1CC7E52-439A-43D0-8BE9-1D11839A67FC}.Release|iPhoneSimulator.Build.0 = Release|Any CPU
		{F1CC7E52-439A-43D0-8BE9-1D11839A67FC}.Release|iPhoneSimulator.Deploy.0 = Release|Any CPU
		{F1CC7E52-439A-43D0-8BE9-1D11839A67FC}.Release|x64.ActiveCfg = Release|Any CPU
		{F1CC7E52-439A-43D0-8BE9-1D11839A67FC}.Release|x64.Build.0 = Release|Any CPU
		{F1CC7E52-439A-43D0-8BE9-1D11839A67FC}.Release|x64.Deploy.0 = Release|Any CPU
		{F1CC7E52-439A-43D0-8BE9-1D11839A67FC}.Release|x86.ActiveCfg = Release|Any CPU
		{F1CC7E52-439A-43D0-8BE9-1D11839A67FC}.Release|x86.Build.0 = Release|Any CPU
		{F1CC7E52-439A-43D0-8BE9-1D11839A67FC}.Release|x86.Deploy.0 = Release|Any CPU
		{4802CAE2-959A-40A4-AEA4-7CDAB7148E35}.Ad-Hoc|Any CPU.ActiveCfg = Ad-Hoc|iPhone
		{4802CAE2-959A-40A4-AEA4-7CDAB7148E35}.Ad-Hoc|ARM.ActiveCfg = Ad-Hoc|iPhone
		{4802CAE2-959A-40A4-AEA4-7CDAB7148E35}.Ad-Hoc|iPhone.ActiveCfg = Ad-Hoc|iPhone
		{4802CAE2-959A-40A4-AEA4-7CDAB7148E35}.Ad-Hoc|iPhone.Build.0 = Ad-Hoc|iPhone
		{4802CAE2-959A-40A4-AEA4-7CDAB7148E35}.Ad-Hoc|iPhoneSimulator.ActiveCfg = Ad-Hoc|iPhoneSimulator
		{4802CAE2-959A-40A4-AEA4-7CDAB7148E35}.Ad-Hoc|iPhoneSimulator.Build.0 = Ad-Hoc|iPhoneSimulator
		{4802CAE2-959A-40A4-AEA4-7CDAB7148E35}.Ad-Hoc|x64.ActiveCfg = Ad-Hoc|iPhone
		{4802CAE2-959A-40A4-AEA4-7CDAB7148E35}.Ad-Hoc|x86.ActiveCfg = Ad-Hoc|iPhone
		{4802CAE2-959A-40A4-AEA4-7CDAB7148E35}.AppStore|Any CPU.ActiveCfg = AppStore|iPhone
		{4802CAE2-959A-40A4-AEA4-7CDAB7148E35}.AppStore|ARM.ActiveCfg = AppStore|iPhone
		{4802CAE2-959A-40A4-AEA4-7CDAB7148E35}.AppStore|iPhone.ActiveCfg = AppStore|iPhone
		{4802CAE2-959A-40A4-AEA4-7CDAB7148E35}.AppStore|iPhone.Build.0 = AppStore|iPhone
		{4802CAE2-959A-40A4-AEA4-7CDAB7148E35}.AppStore|iPhoneSimulator.ActiveCfg = AppStore|iPhoneSimulator
		{4802CAE2-959A-40A4-AEA4-7CDAB7148E35}.AppStore|iPhoneSimulator.Build.0 = AppStore|iPhoneSimulator
		{4802CAE2-959A-40A4-AEA4-7CDAB7148E35}.AppStore|x64.ActiveCfg = AppStore|iPhone
		{4802CAE2-959A-40A4-AEA4-7CDAB7148E35}.AppStore|x86.ActiveCfg = AppStore|iPhone
		{4802CAE2-959A-40A4-AEA4-7CDAB7148E35}.Debug|Any CPU.ActiveCfg = Debug|iPhone
		{4802CAE2-959A-40A4-AEA4-7CDAB7148E35}.Debug|ARM.ActiveCfg = Debug|iPhone
		{4802CAE2-959A-40A4-AEA4-7CDAB7148E35}.Debug|iPhone.ActiveCfg = Debug|iPhone
		{4802CAE2-959A-40A4-AEA4-7CDAB7148E35}.Debug|iPhone.Build.0 = Debug|iPhone
		{4802CAE2-959A-40A4-AEA4-7CDAB7148E35}.Debug|iPhoneSimulator.ActiveCfg = Debug|iPhoneSimulator
		{4802CAE2-959A-40A4-AEA4-7CDAB7148E35}.Debug|iPhoneSimulator.Build.0 = Debug|iPhoneSimulator
		{4802CAE2-959A-40A4-AEA4-7CDAB7148E35}.Debug|x64.ActiveCfg = Debug|iPhone
		{4802CAE2-959A-40A4-AEA4-7CDAB7148E35}.Debug|x86.ActiveCfg = Debug|iPhone
		{4802CAE2-959A-40A4-AEA4-7CDAB7148E35}.Release|Any CPU.ActiveCfg = Release|iPhone
		{4802CAE2-959A-40A4-AEA4-7CDAB7148E35}.Release|ARM.ActiveCfg = Release|iPhone
		{4802CAE2-959A-40A4-AEA4-7CDAB7148E35}.Release|iPhone.ActiveCfg = Release|iPhone
		{4802CAE2-959A-40A4-AEA4-7CDAB7148E35}.Release|iPhone.Build.0 = Release|iPhone
		{4802CAE2-959A-40A4-AEA4-7CDAB7148E35}.Release|iPhoneSimulator.ActiveCfg = Release|iPhoneSimulator
		{4802CAE2-959A-40A4-AEA4-7CDAB7148E35}.Release|iPhoneSimulator.Build.0 = Release|iPhoneSimulator
		{4802CAE2-959A-40A4-AEA4-7CDAB7148E35}.Release|x64.ActiveCfg = Release|iPhone
		{4802CAE2-959A-40A4-AEA4-7CDAB7148E35}.Release|x86.ActiveCfg = Release|iPhone
		{DD0C50C0-32AF-4745-9D69-0372EA6C4DCD}.Ad-Hoc|Any CPU.ActiveCfg = Release|x86
		{DD0C50C0-32AF-4745-9D69-0372EA6C4DCD}.Ad-Hoc|Any CPU.Build.0 = Release|x86
		{DD0C50C0-32AF-4745-9D69-0372EA6C4DCD}.Ad-Hoc|Any CPU.Deploy.0 = Release|x86
		{DD0C50C0-32AF-4745-9D69-0372EA6C4DCD}.Ad-Hoc|ARM.ActiveCfg = Release|ARM
		{DD0C50C0-32AF-4745-9D69-0372EA6C4DCD}.Ad-Hoc|ARM.Build.0 = Release|ARM
		{DD0C50C0-32AF-4745-9D69-0372EA6C4DCD}.Ad-Hoc|ARM.Deploy.0 = Release|ARM
		{DD0C50C0-32AF-4745-9D69-0372EA6C4DCD}.Ad-Hoc|iPhone.ActiveCfg = Release|x86
		{DD0C50C0-32AF-4745-9D69-0372EA6C4DCD}.Ad-Hoc|iPhone.Build.0 = Release|x86
		{DD0C50C0-32AF-4745-9D69-0372EA6C4DCD}.Ad-Hoc|iPhone.Deploy.0 = Release|x86
		{DD0C50C0-32AF-4745-9D69-0372EA6C4DCD}.Ad-Hoc|iPhoneSimulator.ActiveCfg = Release|x86
		{DD0C50C0-32AF-4745-9D69-0372EA6C4DCD}.Ad-Hoc|iPhoneSimulator.Build.0 = Release|x86
		{DD0C50C0-32AF-4745-9D69-0372EA6C4DCD}.Ad-Hoc|iPhoneSimulator.Deploy.0 = Release|x86
		{DD0C50C0-32AF-4745-9D69-0372EA6C4DCD}.Ad-Hoc|x64.ActiveCfg = Release|x64
		{DD0C50C0-32AF-4745-9D69-0372EA6C4DCD}.Ad-Hoc|x64.Build.0 = Release|x64
		{DD0C50C0-32AF-4745-9D69-0372EA6C4DCD}.Ad-Hoc|x64.Deploy.0 = Release|x64
		{DD0C50C0-32AF-4745-9D69-0372EA6C4DCD}.Ad-Hoc|x86.ActiveCfg = Release|x86
		{DD0C50C0-32AF-4745-9D69-0372EA6C4DCD}.Ad-Hoc|x86.Build.0 = Release|x86
		{DD0C50C0-32AF-4745-9D69-0372EA6C4DCD}.Ad-Hoc|x86.Deploy.0 = Release|x86
		{DD0C50C0-32AF-4745-9D69-0372EA6C4DCD}.AppStore|Any CPU.ActiveCfg = Release|x86
		{DD0C50C0-32AF-4745-9D69-0372EA6C4DCD}.AppStore|Any CPU.Build.0 = Release|x86
		{DD0C50C0-32AF-4745-9D69-0372EA6C4DCD}.AppStore|Any CPU.Deploy.0 = Release|x86
		{DD0C50C0-32AF-4745-9D69-0372EA6C4DCD}.AppStore|ARM.ActiveCfg = Release|ARM
		{DD0C50C0-32AF-4745-9D69-0372EA6C4DCD}.AppStore|ARM.Build.0 = Release|ARM
		{DD0C50C0-32AF-4745-9D69-0372EA6C4DCD}.AppStore|ARM.Deploy.0 = Release|ARM
		{DD0C50C0-32AF-4745-9D69-0372EA6C4DCD}.AppStore|iPhone.ActiveCfg = Release|x86
		{DD0C50C0-32AF-4745-9D69-0372EA6C4DCD}.AppStore|iPhone.Build.0 = Release|x86
		{DD0C50C0-32AF-4745-9D69-0372EA6C4DCD}.AppStore|iPhone.Deploy.0 = Release|x86
		{DD0C50C0-32AF-4745-9D69-0372EA6C4DCD}.AppStore|iPhoneSimulator.ActiveCfg = Release|x86
		{DD0C50C0-32AF-4745-9D69-0372EA6C4DCD}.AppStore|iPhoneSimulator.Build.0 = Release|x86
		{DD0C50C0-32AF-4745-9D69-0372EA6C4DCD}.AppStore|iPhoneSimulator.Deploy.0 = Release|x86
		{DD0C50C0-32AF-4745-9D69-0372EA6C4DCD}.AppStore|x64.ActiveCfg = Release|x64
		{DD0C50C0-32AF-4745-9D69-0372EA6C4DCD}.AppStore|x64.Build.0 = Release|x64
		{DD0C50C0-32AF-4745-9D69-0372EA6C4DCD}.AppStore|x64.Deploy.0 = Release|x64
		{DD0C50C0-32AF-4745-9D69-0372EA6C4DCD}.AppStore|x86.ActiveCfg = Release|x86
		{DD0C50C0-32AF-4745-9D69-0372EA6C4DCD}.AppStore|x86.Build.0 = Release|x86
		{DD0C50C0-32AF-4745-9D69-0372EA6C4DCD}.AppStore|x86.Deploy.0 = Release|x86
		{DD0C50C0-32AF-4745-9D69-0372EA6C4DCD}.Debug|Any CPU.ActiveCfg = Debug|x86
		{DD0C50C0-32AF-4745-9D69-0372EA6C4DCD}.Debug|ARM.ActiveCfg = Debug|ARM
		{DD0C50C0-32AF-4745-9D69-0372EA6C4DCD}.Debug|ARM.Build.0 = Debug|ARM
		{DD0C50C0-32AF-4745-9D69-0372EA6C4DCD}.Debug|ARM.Deploy.0 = Debug|ARM
		{DD0C50C0-32AF-4745-9D69-0372EA6C4DCD}.Debug|iPhone.ActiveCfg = Debug|x86
		{DD0C50C0-32AF-4745-9D69-0372EA6C4DCD}.Debug|iPhoneSimulator.ActiveCfg = Debug|x86
		{DD0C50C0-32AF-4745-9D69-0372EA6C4DCD}.Debug|x64.ActiveCfg = Debug|x64
		{DD0C50C0-32AF-4745-9D69-0372EA6C4DCD}.Debug|x64.Build.0 = Debug|x64
		{DD0C50C0-32AF-4745-9D69-0372EA6C4DCD}.Debug|x64.Deploy.0 = Debug|x64
		{DD0C50C0-32AF-4745-9D69-0372EA6C4DCD}.Debug|x86.ActiveCfg = Debug|x86
		{DD0C50C0-32AF-4745-9D69-0372EA6C4DCD}.Debug|x86.Build.0 = Debug|x86
		{DD0C50C0-32AF-4745-9D69-0372EA6C4DCD}.Debug|x86.Deploy.0 = Debug|x86
		{DD0C50C0-32AF-4745-9D69-0372EA6C4DCD}.Release|Any CPU.ActiveCfg = Release|x86
		{DD0C50C0-32AF-4745-9D69-0372EA6C4DCD}.Release|ARM.ActiveCfg = Release|ARM
		{DD0C50C0-32AF-4745-9D69-0372EA6C4DCD}.Release|ARM.Build.0 = Release|ARM
		{DD0C50C0-32AF-4745-9D69-0372EA6C4DCD}.Release|ARM.Deploy.0 = Release|ARM
		{DD0C50C0-32AF-4745-9D69-0372EA6C4DCD}.Release|iPhone.ActiveCfg = Release|x86
		{DD0C50C0-32AF-4745-9D69-0372EA6C4DCD}.Release|iPhoneSimulator.ActiveCfg = Release|x86
		{DD0C50C0-32AF-4745-9D69-0372EA6C4DCD}.Release|x64.ActiveCfg = Release|x64
		{DD0C50C0-32AF-4745-9D69-0372EA6C4DCD}.Release|x64.Build.0 = Release|x64
		{DD0C50C0-32AF-4745-9D69-0372EA6C4DCD}.Release|x64.Deploy.0 = Release|x64
		{DD0C50C0-32AF-4745-9D69-0372EA6C4DCD}.Release|x86.ActiveCfg = Release|x86
		{DD0C50C0-32AF-4745-9D69-0372EA6C4DCD}.Release|x86.Build.0 = Release|x86
		{DD0C50C0-32AF-4745-9D69-0372EA6C4DCD}.Release|x86.Deploy.0 = Release|x86
		{575469F2-0E8E-4203-B3AA-A8F6944FC81A}.Ad-Hoc|Any CPU.ActiveCfg = Debug|Any CPU
		{575469F2-0E8E-4203-B3AA-A8F6944FC81A}.Ad-Hoc|Any CPU.Build.0 = Debug|Any CPU
		{575469F2-0E8E-4203-B3AA-A8F6944FC81A}.Ad-Hoc|ARM.ActiveCfg = Debug|Any CPU
		{575469F2-0E8E-4203-B3AA-A8F6944FC81A}.Ad-Hoc|ARM.Build.0 = Debug|Any CPU
		{575469F2-0E8E-4203-B3AA-A8F6944FC81A}.Ad-Hoc|iPhone.ActiveCfg = Debug|Any CPU
		{575469F2-0E8E-4203-B3AA-A8F6944FC81A}.Ad-Hoc|iPhone.Build.0 = Debug|Any CPU
		{575469F2-0E8E-4203-B3AA-A8F6944FC81A}.Ad-Hoc|iPhoneSimulator.ActiveCfg = Debug|Any CPU
		{575469F2-0E8E-4203-B3AA-A8F6944FC81A}.Ad-Hoc|iPhoneSimulator.Build.0 = Debug|Any CPU
		{575469F2-0E8E-4203-B3AA-A8F6944FC81A}.Ad-Hoc|x64.ActiveCfg = Debug|Any CPU
		{575469F2-0E8E-4203-B3AA-A8F6944FC81A}.Ad-Hoc|x64.Build.0 = Debug|Any CPU
		{575469F2-0E8E-4203-B3AA-A8F6944FC81A}.Ad-Hoc|x86.ActiveCfg = Debug|Any CPU
		{575469F2-0E8E-4203-B3AA-A8F6944FC81A}.Ad-Hoc|x86.Build.0 = Debug|Any CPU
		{575469F2-0E8E-4203-B3AA-A8F6944FC81A}.AppStore|Any CPU.ActiveCfg = Debug|Any CPU
		{575469F2-0E8E-4203-B3AA-A8F6944FC81A}.AppStore|Any CPU.Build.0 = Debug|Any CPU
		{575469F2-0E8E-4203-B3AA-A8F6944FC81A}.AppStore|ARM.ActiveCfg = Debug|Any CPU
		{575469F2-0E8E-4203-B3AA-A8F6944FC81A}.AppStore|ARM.Build.0 = Debug|Any CPU
		{575469F2-0E8E-4203-B3AA-A8F6944FC81A}.AppStore|iPhone.ActiveCfg = Debug|Any CPU
		{575469F2-0E8E-4203-B3AA-A8F6944FC81A}.AppStore|iPhone.Build.0 = Debug|Any CPU
		{575469F2-0E8E-4203-B3AA-A8F6944FC81A}.AppStore|iPhoneSimulator.ActiveCfg = Debug|Any CPU
		{575469F2-0E8E-4203-B3AA-A8F6944FC81A}.AppStore|iPhoneSimulator.Build.0 = Debug|Any CPU
		{575469F2-0E8E-4203-B3AA-A8F6944FC81A}.AppStore|x64.ActiveCfg = Debug|Any CPU
		{575469F2-0E8E-4203-B3AA-A8F6944FC81A}.AppStore|x64.Build.0 = Debug|Any CPU
		{575469F2-0E8E-4203-B3AA-A8F6944FC81A}.AppStore|x86.ActiveCfg = Debug|Any CPU
		{575469F2-0E8E-4203-B3AA-A8F6944FC81A}.AppStore|x86.Build.0 = Debug|Any CPU
		{575469F2-0E8E-4203-B3AA-A8F6944FC81A}.Debug|Any CPU.ActiveCfg = Debug|Any CPU
		{575469F2-0E8E-4203-B3AA-A8F6944FC81A}.Debug|Any CPU.Build.0 = Debug|Any CPU
		{575469F2-0E8E-4203-B3AA-A8F6944FC81A}.Debug|ARM.ActiveCfg = Debug|Any CPU
		{575469F2-0E8E-4203-B3AA-A8F6944FC81A}.Debug|ARM.Build.0 = Debug|Any CPU
		{575469F2-0E8E-4203-B3AA-A8F6944FC81A}.Debug|iPhone.ActiveCfg = Debug|Any CPU
		{575469F2-0E8E-4203-B3AA-A8F6944FC81A}.Debug|iPhone.Build.0 = Debug|Any CPU
		{575469F2-0E8E-4203-B3AA-A8F6944FC81A}.Debug|iPhoneSimulator.ActiveCfg = Debug|Any CPU
		{575469F2-0E8E-4203-B3AA-A8F6944FC81A}.Debug|iPhoneSimulator.Build.0 = Debug|Any CPU
		{575469F2-0E8E-4203-B3AA-A8F6944FC81A}.Debug|x64.ActiveCfg = Debug|Any CPU
		{575469F2-0E8E-4203-B3AA-A8F6944FC81A}.Debug|x64.Build.0 = Debug|Any CPU
		{575469F2-0E8E-4203-B3AA-A8F6944FC81A}.Debug|x86.ActiveCfg = Debug|Any CPU
		{575469F2-0E8E-4203-B3AA-A8F6944FC81A}.Debug|x86.Build.0 = Debug|Any CPU
		{575469F2-0E8E-4203-B3AA-A8F6944FC81A}.Release|Any CPU.ActiveCfg = Release|Any CPU
		{575469F2-0E8E-4203-B3AA-A8F6944FC81A}.Release|Any CPU.Build.0 = Release|Any CPU
		{575469F2-0E8E-4203-B3AA-A8F6944FC81A}.Release|ARM.ActiveCfg = Release|Any CPU
		{575469F2-0E8E-4203-B3AA-A8F6944FC81A}.Release|ARM.Build.0 = Release|Any CPU
		{575469F2-0E8E-4203-B3AA-A8F6944FC81A}.Release|iPhone.ActiveCfg = Release|Any CPU
		{575469F2-0E8E-4203-B3AA-A8F6944FC81A}.Release|iPhone.Build.0 = Release|Any CPU
		{575469F2-0E8E-4203-B3AA-A8F6944FC81A}.Release|iPhoneSimulator.ActiveCfg = Release|Any CPU
		{575469F2-0E8E-4203-B3AA-A8F6944FC81A}.Release|iPhoneSimulator.Build.0 = Release|Any CPU
		{575469F2-0E8E-4203-B3AA-A8F6944FC81A}.Release|x64.ActiveCfg = Release|Any CPU
		{575469F2-0E8E-4203-B3AA-A8F6944FC81A}.Release|x64.Build.0 = Release|Any CPU
		{575469F2-0E8E-4203-B3AA-A8F6944FC81A}.Release|x86.ActiveCfg = Release|Any CPU
		{575469F2-0E8E-4203-B3AA-A8F6944FC81A}.Release|x86.Build.0 = Release|Any CPU
	EndGlobalSection
	GlobalSection(SolutionProperties) = preSolution
		HideSolutionNode = FALSE
	EndGlobalSection
	GlobalSection(ExtensibilityGlobals) = postSolution
		SolutionGuid = {D6D74D22-D273-4A62-A8BA-49CED8324465}
	EndGlobalSection
EndGlobal
